
Microsoft Visual Studio Solution File, Format Version 12.00
# Visual Studio Version 17
VisualStudioVersion = 17.0.31903.59
MinimumVisualStudioVersion = 10.0.40219.1
Project("{2150E333-8FDC-42A3-9474-1A3956D46DE8}") = "src", "src", "{827E0CD3-B72D-47B6-A68D-7590B98EB39B}"
EndProject
Project("{FAE04EC0-301F-11D3-BF4B-00C04F79EFBC}") = "mediconnect", "src\mediconnect\mediconnect.csproj", "{4492ADA2-8028-4818-BD76-E7F578DEF0F7}"
EndProject
Project("{FAE04EC0-301F-11D3-BF4B-00C04F79EFBC}") = "Mediconnect.Domain", "src\Mediconnect.Domain\Mediconnect.Domain.csproj", "{F3A72667-6053-477A-AEE1-1EBC8436450E}"
EndProject
Project("{FAE04EC0-301F-11D3-BF4B-00C04F79EFBC}") = "Mediconnect.Application", "src\Mediconnect.Application\Mediconnect.Application.csproj", "{47E60B8A-7FEC-45FB-BEB6-BB4D4721B429}"
EndProject
Project("{FAE04EC0-301F-11D3-BF4B-00C04F79EFBC}") = "Mediconnect.Infrastructure", "src\Mediconnect.Infrastructure\Mediconnect.Infrastructure.csproj", "{AE3707AC-B034-4230-A8F4-E84C4BA8E96E}"
EndProject
Global
	GlobalSection(SolutionConfigurationPlatforms) = preSolution
		Debug|Any CPU = Debug|Any CPU
		Debug|x64 = Debug|x64
		Debug|x86 = Debug|x86
		Release|Any CPU = Release|Any CPU
		Release|x64 = Release|x64
		Release|x86 = Release|x86
	EndGlobalSection
	GlobalSection(ProjectConfigurationPlatforms) = postSolution
		{4492ADA2-8028-4818-BD76-E7F578DEF0F7}.Debug|Any CPU.ActiveCfg = Debug|Any CPU
		{4492ADA2-8028-4818-BD76-E7F578DEF0F7}.Debug|Any CPU.Build.0 = Debug|Any CPU
		{4492ADA2-8028-4818-BD76-E7F578DEF0F7}.Debug|x64.ActiveCfg = Debug|Any CPU
		{4492ADA2-8028-4818-BD76-E7F578DEF0F7}.Debug|x64.Build.0 = Debug|Any CPU
		{4492ADA2-8028-4818-BD76-E7F578DEF0F7}.Debug|x86.ActiveCfg = Debug|Any CPU
		{4492ADA2-8028-4818-BD76-E7F578DEF0F7}.Debug|x86.Build.0 = Debug|Any CPU
		{4492ADA2-8028-4818-BD76-E7F578DEF0F7}.Release|Any CPU.ActiveCfg = Release|Any CPU
		{4492ADA2-8028-4818-BD76-E7F578DEF0F7}.Release|Any CPU.Build.0 = Release|Any CPU
		{4492ADA2-8028-4818-BD76-E7F578DEF0F7}.Release|x64.ActiveCfg = Release|Any CPU
		{4492ADA2-8028-4818-BD76-E7F578DEF0F7}.Release|x64.Build.0 = Release|Any CPU
		{4492ADA2-8028-4818-BD76-E7F578DEF0F7}.Release|x86.ActiveCfg = Release|Any CPU
		{4492ADA2-8028-4818-BD76-E7F578DEF0F7}.Release|x86.Build.0 = Release|Any CPU
		{F3A72667-6053-477A-AEE1-1EBC8436450E}.Debug|Any CPU.ActiveCfg = Debug|Any CPU
		{F3A72667-6053-477A-AEE1-1EBC8436450E}.Debug|Any CPU.Build.0 = Debug|Any CPU
		{F3A72667-6053-477A-AEE1-1EBC8436450E}.Debug|x64.ActiveCfg = Debug|Any CPU
		{F3A72667-6053-477A-AEE1-1EBC8436450E}.Debug|x64.Build.0 = Debug|Any CPU
		{F3A72667-6053-477A-AEE1-1EBC8436450E}.Debug|x86.ActiveCfg = Debug|Any CPU
		{F3A72667-6053-477A-AEE1-1EBC8436450E}.Debug|x86.Build.0 = Debug|Any CPU
		{F3A72667-6053-477A-AEE1-1EBC8436450E}.Release|Any CPU.ActiveCfg = Release|Any CPU
		{F3A72667-6053-477A-AEE1-1EBC8436450E}.Release|Any CPU.Build.0 = Release|Any CPU
		{F3A72667-6053-477A-AEE1-1EBC8436450E}.Release|x64.ActiveCfg = Release|Any CPU
		{F3A72667-6053-477A-AEE1-1EBC8436450E}.Release|x64.Build.0 = Release|Any CPU
		{F3A72667-6053-477A-AEE1-1EBC8436450E}.Release|x86.ActiveCfg = Release|Any CPU
		{F3A72667-6053-477A-AEE1-1EBC8436450E}.Release|x86.Build.0 = Release|Any CPU
		{47E60B8A-7FEC-45FB-BEB6-BB4D4721B429}.Debug|Any CPU.ActiveCfg = Debug|Any CPU
		{47E60B8A-7FEC-45FB-BEB6-BB4D4721B429}.Debug|Any CPU.Build.0 = Debug|Any CPU
		{47E60B8A-7FEC-45FB-BEB6-BB4D4721B429}.Debug|x64.ActiveCfg = Debug|Any CPU
		{47E60B8A-7FEC-45FB-BEB6-BB4D4721B429}.Debug|x64.Build.0 = Debug|Any CPU
		{47E60B8A-7FEC-45FB-BEB6-BB4D4721B429}.Debug|x86.ActiveCfg = Debug|Any CPU
		{47E60B8A-7FEC-45FB-BEB6-BB4D4721B429}.Debug|x86.Build.0 = Debug|Any CPU
		{47E60B8A-7FEC-45FB-BEB6-BB4D4721B429}.Release|Any CPU.ActiveCfg = Release|Any CPU
		{47E60B8A-7FEC-45FB-BEB6-BB4D4721B429}.Release|Any CPU.Build.0 = Release|Any CPU
		{47E60B8A-7FEC-45FB-BEB6-BB4D4721B429}.Release|x64.ActiveCfg = Release|Any CPU
		{47E60B8A-7FEC-45FB-BEB6-BB4D4721B429}.Release|x64.Build.0 = Release|Any CPU
		{47E60B8A-7FEC-45FB-BEB6-BB4D4721B429}.Release|x86.ActiveCfg = Release|Any CPU
		{47E60B8A-7FEC-45FB-BEB6-BB4D4721B429}.Release|x86.Build.0 = Release|Any CPU
		{AE3707AC-B034-4230-A8F4-E84C4BA8E96E}.Debug|Any CPU.ActiveCfg = Debug|Any CPU
		{AE3707AC-B034-4230-A8F4-E84C4BA8E96E}.Debug|Any CPU.Build.0 = Debug|Any CPU
		{AE3707AC-B034-4230-A8F4-E84C4BA8E96E}.Debug|x64.ActiveCfg = Debug|Any CPU
		{AE3707AC-B034-4230-A8F4-E84C4BA8E96E}.Debug|x64.Build.0 = Debug|Any CPU
		{AE3707AC-B034-4230-A8F4-E84C4BA8E96E}.Debug|x86.ActiveCfg = Debug|Any CPU
		{AE3707AC-B034-4230-A8F4-E84C4BA8E96E}.Debug|x86.Build.0 = Debug|Any CPU
		{AE3707AC-B034-4230-A8F4-E84C4BA8E96E}.Release|Any CPU.ActiveCfg = Release|Any CPU
		{AE3707AC-B034-4230-A8F4-E84C4BA8E96E}.Release|Any CPU.Build.0 = Release|Any CPU
		{AE3707AC-B034-4230-A8F4-E84C4BA8E96E}.Release|x64.ActiveCfg = Release|Any CPU
		{AE3707AC-B034-4230-A8F4-E84C4BA8E96E}.Release|x64.Build.0 = Release|Any CPU
		{AE3707AC-B034-4230-A8F4-E84C4BA8E96E}.Release|x86.ActiveCfg = Release|Any CPU
		{AE3707AC-B034-4230-A8F4-E84C4BA8E96E}.Release|x86.Build.0 = Release|Any CPU
	EndGlobalSection
	GlobalSection(SolutionProperties) = preSolution
		HideSolutionNode = FALSE
	EndGlobalSection
	GlobalSection(NestedProjects) = preSolution
		{4492ADA2-8028-4818-BD76-E7F578DEF0F7} = {827E0CD3-B72D-47B6-A68D-7590B98EB39B}
		{F3A72667-6053-477A-AEE1-1EBC8436450E} = {827E0CD3-B72D-47B6-A68D-7590B98EB39B}
		{47E60B8A-7FEC-45FB-BEB6-BB4D4721B429} = {827E0CD3-B72D-47B6-A68D-7590B98EB39B}
		{AE3707AC-B034-4230-A8F4-E84C4BA8E96E} = {827E0CD3-B72D-47B6-A68D-7590B98EB39B}
	EndGlobalSection
EndGlobal
